
Microsoft Visual Studio Solution File, Format Version 12.00
# Visual Studio 15
VisualStudioVersion = 15.0.28307.106
MinimumVisualStudioVersion = 10.0.40219.1
Project("{8BC9CEB8-8B4A-11D0-8D11-00A0C91BC942}") = "DataStructures_CPP_Project5_Binary_Search_Tree", "DataStructures_CPP_Project5_Binary_Search_Tree\DataStructures_CPP_Project5_Binary_Search_Tree.vcxproj", "{6DEAB518-E083-406C-A677-2479B6583843}"
EndProject
Global
	GlobalSection(SolutionConfigurationPlatforms) = preSolution
		Debug|x64 = Debug|x64
		Debug|x86 = Debug|x86
		Release|x64 = Release|x64
		Release|x86 = Release|x86
	EndGlobalSection
	GlobalSection(ProjectConfigurationPlatforms) = postSolution
		{6DEAB518-E083-406C-A677-2479B6583843}.Debug|x64.ActiveCfg = Debug|x64
		{6DEAB518-E083-406C-A677-2479B6583843}.Debug|x64.Build.0 = Debug|x64
		{6DEAB518-E083-406C-A677-2479B6583843}.Debug|x86.ActiveCfg = Debug|Win32
		{6DEAB518-E083-406C-A677-2479B6583843}.Debug|x86.Build.0 = Debug|Win32
		{6DEAB518-E083-406C-A677-2479B6583843}.Release|x64.ActiveCfg = Release|x64
		{6DEAB518-E083-406C-A677-2479B6583843}.Release|x64.Build.0 = Release|x64
		{6DEAB518-E083-406C-A677-2479B6583843}.Release|x86.ActiveCfg = Release|Win32
		{6DEAB518-E083-406C-A677-2479B6583843}.Release|x86.Build.0 = Release|Win32
	EndGlobalSection
	GlobalSection(SolutionProperties) = preSolution
		HideSolutionNode = FALSE
	EndGlobalSection
	GlobalSection(ExtensibilityGlobals) = postSolution
		SolutionGuid = {B1BC3CFB-C00C-4719-A8FF-F1891F7A5707}
	EndGlobalSection
EndGlobal
